{
  "version": 4,
  "terraform_version": "1.12.2",
  "serial": 1,
  "lineage": "1e870026-d1d5-b4d6-3f7f-164f832d47ed",
  "outputs": {},
  "resources": [
    {
      "mode": "managed",
      "type": "aws_vpc",
      "name": "terraform_vpc",
      "provider": "provider[\"registry.terraform.io/hashicorp/aws\"]",
      "instances": [
        {
          "schema_version": 1,
          "attributes": {
            "arn": "arn:aws:ec2:ap-northeast-1:511099328390:vpc/vpc-0e41f5a80e8ed58d5",
            "assign_generated_ipv6_cidr_block": false,
            "cidr_block": "10.0.0.0/16",
            "default_network_acl_id": "acl-09739641114ed06f8",
            "default_route_table_id": "rtb-0dfe46bdc379b3fbc",
            "default_security_group_id": "sg-01d508cbfe487fd7a",
            "dhcp_options_id": "dopt-007526ab10ba73f93",
            "enable_dns_hostnames": false,
            "enable_dns_support": true,
            "enable_network_address_usage_metrics": false,
            "id": "vpc-0e41f5a80e8ed58d5",
            "instance_tenancy": "default",
            "ipv4_ipam_pool_id": null,
            "ipv4_netmask_length": null,
            "ipv6_association_id": "",
            "ipv6_cidr_block": "",
            "ipv6_cidr_block_network_border_group": "",
            "ipv6_ipam_pool_id": "",
            "ipv6_netmask_length": 0,
            "main_route_table_id": "rtb-0dfe46bdc379b3fbc",
            "owner_id": "511099328390",
            "region": "ap-northeast-1",
            "tags": {
              "Name": "aws_vpc_name"
            },
            "tags_all": {
              "Name": "aws_vpc_name"
            }
          },
          "sensitive_attributes": [],
          "identity_schema_version": 0,
          "private": "eyJzY2hlbWFfdmVyc2lvbiI6IjEifQ=="
        }
      ]
    }
  ],
  "check_results": null
}
